
Microsoft Visual Studio Solution File, Format Version 12.00
# Visual Studio Version 17
VisualStudioVersion = 17.14.36401.2 d17.14
MinimumVisualStudioVersion = 10.0.40219.1
Project("{FAE04EC0-301F-11D3-BF4B-00C04F79EFBC}") = "t3", "t3\t3.csproj", "{B2F57D18-6024-4A11-AD01-66BF14AFDF06}"
EndProject
Global
	GlobalSection(SolutionConfigurationPlatforms) = preSolution
		Debug|Any CPU = Debug|Any CPU
		Release|Any CPU = Release|Any CPU
	EndGlobalSection
	GlobalSection(ProjectConfigurationPlatforms) = postSolution
		{B2F57D18-6024-4A11-AD01-66BF14AFDF06}.Debug|Any CPU.ActiveCfg = Debug|Any CPU
		{B2F57D18-6024-4A11-AD01-66BF14AFDF06}.Debug|Any CPU.Build.0 = Debug|Any CPU
		{B2F57D18-6024-4A11-AD01-66BF14AFDF06}.Release|Any CPU.ActiveCfg = Release|Any CPU
		{B2F57D18-6024-4A11-AD01-66BF14AFDF06}.Release|Any CPU.Build.0 = Release|Any CPU
	EndGlobalSection
	GlobalSection(SolutionProperties) = preSolution
		HideSolutionNode = FALSE
	EndGlobalSection
	GlobalSection(ExtensibilityGlobals) = postSolution
		SolutionGuid = {99CB44A8-BB9B-48D4-895E-D67A9D34FE69}
	EndGlobalSection
EndGlobal
